
Microsoft Visual Studio Solution File, Format Version 12.00
# Visual Studio Version 17
VisualStudioVersion = 17.8.34525.116
MinimumVisualStudioVersion = 10.0.40219.1
Project("{FAE04EC0-301F-11D3-BF4B-00C04F79EFBC}") = "Rally", "Rally\Rally.csproj", "{53EDF466-4EBE-46E5-8C98-5C8831C09749}"
EndProject
Global
	GlobalSection(SolutionConfigurationPlatforms) = preSolution
		Debug|Any CPU = Debug|Any CPU
		Release|Any CPU = Release|Any CPU
	EndGlobalSection
	GlobalSection(ProjectConfigurationPlatforms) = postSolution
		{53EDF466-4EBE-46E5-8C98-5C8831C09749}.Debug|Any CPU.ActiveCfg = Debug|Any CPU
		{53EDF466-4EBE-46E5-8C98-5C8831C09749}.Debug|Any CPU.Build.0 = Debug|Any CPU
		{53EDF466-4EBE-46E5-8C98-5C8831C09749}.Release|Any CPU.ActiveCfg = Release|Any CPU
		{53EDF466-4EBE-46E5-8C98-5C8831C09749}.Release|Any CPU.Build.0 = Release|Any CPU
	EndGlobalSection
	GlobalSection(SolutionProperties) = preSolution
		HideSolutionNode = FALSE
	EndGlobalSection
	GlobalSection(ExtensibilityGlobals) = postSolution
		SolutionGuid = {B4042E2B-524D-4431-9CC8-1BF38199A583}
	EndGlobalSection
EndGlobal
